// !$*UTF8*$!
{
	archiveVersion = 1;
	classes = {
	};
	objectVersion = 46;
	objects = {

/* Begin PBXBuildFile section */
		3B0259DD1A8EA2A3009C6EA4 /* main.m in Sources */ = {isa = PBXBuildFile; fileRef = 3B0259DC1A8EA2A3009C6EA4 /* main.m */; };
		3B0259E01A8EA2A3009C6EA4 /* AppDelegate.m in Sources */ = {isa = PBXBuildFile; fileRef = 3B0259DF1A8EA2A3009C6EA4 /* AppDelegate.m */; };
		3B0259E31A8EA2A3009C6EA4 /* MasterViewController.m in Sources */ = {isa = PBXBuildFile; fileRef = 3B0259E21A8EA2A3009C6EA4 /* MasterViewController.m */; };
		3B0259E61A8EA2A3009C6EA4 /* DetailViewController.m in Sources */ = {isa = PBXBuildFile; fileRef = 3B0259E51A8EA2A3009C6EA4 /* DetailViewController.m */; };
		3B0259E91A8EA2A3009C6EA4 /* Main.storyboard in Resources */ = {isa = PBXBuildFile; fileRef = 3B0259E71A8EA2A3009C6EA4 /* Main.storyboard */; };
		3B0259EB1A8EA2A3009C6EA4 /* Images.xcassets in Resources */ = {isa = PBXBuildFile; fileRef = 3B0259EA1A8EA2A3009C6EA4 /* Images.xcassets */; };
		3B0259EE1A8EA2A3009C6EA4 /* LaunchScreen.xib in Resources */ = {isa = PBXBuildFile; fileRef = 3B0259EC1A8EA2A3009C6EA4 /* LaunchScreen.xib */; };
		3B0259FA1A8EA2A3009C6EA4 /* SplitViewNewsTests.m in Sources */ = {isa = PBXBuildFile; fileRef = 3B0259F91A8EA2A3009C6EA4 /* SplitViewNewsTests.m */; };
		3B025A051A8EA574009C6EA4 /* NewsTableViewCell.m in Sources */ = {isa = PBXBuildFile; fileRef = 3B025A041A8EA574009C6EA4 /* NewsTableViewCell.m */; };
		3B025A091A8EC2CE009C6EA4 /* BookmarkViewController.m in Sources */ = {isa = PBXBuildFile; fileRef = 3B025A081A8EC2CE009C6EA4 /* BookmarkViewController.m */; };
		3B025A0C1A8EC6FA009C6EA4 /* SharedNetworking.m in Sources */ = {isa = PBXBuildFile; fileRef = 3B025A0B1A8EC6FA009C6EA4 /* SharedNetworking.m */; };
/* End PBXBuildFile section */

/* Begin PBXContainerItemProxy section */
		3B0259F41A8EA2A3009C6EA4 /* PBXContainerItemProxy */ = {
			isa = PBXContainerItemProxy;
			containerPortal = 3B0259CF1A8EA2A3009C6EA4 /* Project object */;
			proxyType = 1;
			remoteGlobalIDString = 3B0259D61A8EA2A3009C6EA4;
			remoteInfo = SplitViewNews;
		};
/* End PBXContainerItemProxy section */

/* Begin PBXFileReference section */
		3B0259D71A8EA2A3009C6EA4 /* SplitViewNews.app */ = {isa = PBXFileReference; explicitFileType = wrapper.application; includeInIndex = 0; path = SplitViewNews.app; sourceTree = BUILT_PRODUCTS_DIR; };
		3B0259DB1A8EA2A3009C6EA4 /* Info.plist */ = {isa = PBXFileReference; lastKnownFileType = text.plist.xml; path = Info.plist; sourceTree = "<group>"; };
		3B0259DC1A8EA2A3009C6EA4 /* main.m */ = {isa = PBXFileReference; lastKnownFileType = sourcecode.c.objc; path = main.m; sourceTree = "<group>"; };
		3B0259DE1A8EA2A3009C6EA4 /* AppDelegate.h */ = {isa = PBXFileReference; lastKnownFileType = sourcecode.c.h; path = AppDelegate.h; sourceTree = "<group>"; };
		3B0259DF1A8EA2A3009C6EA4 /* AppDelegate.m */ = {isa = PBXFileReference; lastKnownFileType = sourcecode.c.objc; path = AppDelegate.m; sourceTree = "<group>"; };
		3B0259E11A8EA2A3009C6EA4 /* MasterViewController.h */ = {isa = PBXFileReference; lastKnownFileType = sourcecode.c.h; path = MasterViewController.h; sourceTree = "<group>"; };
		3B0259E21A8EA2A3009C6EA4 /* MasterViewController.m */ = {isa = PBXFileReference; lastKnownFileType = sourcecode.c.objc; path = MasterViewController.m; sourceTree = "<group>"; };
		3B0259E41A8EA2A3009C6EA4 /* DetailViewController.h */ = {isa = PBXFileReference; lastKnownFileType = sourcecode.c.h; path = DetailViewController.h; sourceTree = "<group>"; };
		3B0259E51A8EA2A3009C6EA4 /* DetailViewController.m */ = {isa = PBXFileReference; lastKnownFileType = sourcecode.c.objc; path = DetailViewController.m; sourceTree = "<group>"; };
		3B0259E81A8EA2A3009C6EA4 /* Base */ = {isa = PBXFileReference; lastKnownFileType = file.storyboard; name = Base; path = Base.lproj/Main.storyboard; sourceTree = "<group>"; };
		3B0259EA1A8EA2A3009C6EA4 /* Images.xcassets */ = {isa = PBXFileReference; lastKnownFileType = folder.assetcatalog; path = Images.xcassets; sourceTree = "<group>"; };
		3B0259ED1A8EA2A3009C6EA4 /* Base */ = {isa = PBXFileReference; lastKnownFileType = file.xib; name = Base; path = Base.lproj/LaunchScreen.xib; sourceTree = "<group>"; };
		3B0259F31A8EA2A3009C6EA4 /* SplitViewNewsTests.xctest */ = {isa = PBXFileReference; explicitFileType = wrapper.cfbundle; includeInIndex = 0; path = SplitViewNewsTests.xctest; sourceTree = BUILT_PRODUCTS_DIR; };
		3B0259F81A8EA2A3009C6EA4 /* Info.plist */ = {isa = PBXFileReference; lastKnownFileType = text.plist.xml; path = Info.plist; sourceTree = "<group>"; };
		3B0259F91A8EA2A3009C6EA4 /* SplitViewNewsTests.m */ = {isa = PBXFileReference; lastKnownFileType = sourcecode.c.objc; path = SplitViewNewsTests.m; sourceTree = "<group>"; };
		3B025A031A8EA574009C6EA4 /* NewsTableViewCell.h */ = {isa = PBXFileReference; fileEncoding = 4; lastKnownFileType = sourcecode.c.h; path = NewsTableViewCell.h; sourceTree = "<group>"; };
		3B025A041A8EA574009C6EA4 /* NewsTableViewCell.m */ = {isa = PBXFileReference; fileEncoding = 4; lastKnownFileType = sourcecode.c.objc; path = NewsTableViewCell.m; sourceTree = "<group>"; };
		3B025A061A8EC01F009C6EA4 /* BookmarkToWebViewDelegate.h */ = {isa = PBXFileReference; fileEncoding = 4; lastKnownFileType = sourcecode.c.h; path = BookmarkToWebViewDelegate.h; sourceTree = "<group>"; };
		3B025A071A8EC2CE009C6EA4 /* BookmarkViewController.h */ = {isa = PBXFileReference; fileEncoding = 4; lastKnownFileType = sourcecode.c.h; path = BookmarkViewController.h; sourceTree = "<group>"; };
		3B025A081A8EC2CE009C6EA4 /* BookmarkViewController.m */ = {isa = PBXFileReference; fileEncoding = 4; lastKnownFileType = sourcecode.c.objc; path = BookmarkViewController.m; sourceTree = "<group>"; };
		3B025A0A1A8EC6FA009C6EA4 /* SharedNetworking.h */ = {isa = PBXFileReference; fileEncoding = 4; lastKnownFileType = sourcecode.c.h; path = SharedNetworking.h; sourceTree = "<group>"; };
		3B025A0B1A8EC6FA009C6EA4 /* SharedNetworking.m */ = {isa = PBXFileReference; fileEncoding = 4; lastKnownFileType = sourcecode.c.objc; path = SharedNetworking.m; sourceTree = "<group>"; };
/* End PBXFileReference section */

/* Begin PBXFrameworksBuildPhase section */
		3B0259D41A8EA2A3009C6EA4 /* Frameworks */ = {
			isa = PBXFrameworksBuildPhase;
			buildActionMask = 2147483647;
			files = (
			);
			runOnlyForDeploymentPostprocessing = 0;
		};
		3B0259F01A8EA2A3009C6EA4 /* Frameworks */ = {
			isa = PBXFrameworksBuildPhase;
			buildActionMask = 2147483647;
			files = (
			);
			runOnlyForDeploymentPostprocessing = 0;
		};
/* End PBXFrameworksBuildPhase section */

/* Begin PBXGroup section */
		3B0259CE1A8EA2A3009C6EA4 = {
			isa = PBXGroup;
			children = (
				3B0259D91A8EA2A3009C6EA4 /* SplitViewNews */,
				3B0259F61A8EA2A3009C6EA4 /* SplitViewNewsTests */,
				3B0259D81A8EA2A3009C6EA4 /* Products */,
			);
			sourceTree = "<group>";
		};
		3B0259D81A8EA2A3009C6EA4 /* Products */ = {
			isa = PBXGroup;
			children = (
				3B0259D71A8EA2A3009C6EA4 /* SplitViewNews.app */,
				3B0259F31A8EA2A3009C6EA4 /* SplitViewNewsTests.xctest */,
			);
			name = Products;
			sourceTree = "<group>";
		};
		3B0259D91A8EA2A3009C6EA4 /* SplitViewNews */ = {
			isa = PBXGroup;
			children = (
				3B0259DE1A8EA2A3009C6EA4 /* AppDelegate.h */,
				3B0259DF1A8EA2A3009C6EA4 /* AppDelegate.m */,
				3B0259E11A8EA2A3009C6EA4 /* MasterViewController.h */,
				3B0259E21A8EA2A3009C6EA4 /* MasterViewController.m */,
				3B025A031A8EA574009C6EA4 /* NewsTableViewCell.h */,
				3B025A041A8EA574009C6EA4 /* NewsTableViewCell.m */,
				3B0259E41A8EA2A3009C6EA4 /* DetailViewController.h */,
				3B0259E51A8EA2A3009C6EA4 /* DetailViewController.m */,
				3B025A0A1A8EC6FA009C6EA4 /* SharedNetworking.h */,
				3B025A0B1A8EC6FA009C6EA4 /* SharedNetworking.m */,
				3B025A061A8EC01F009C6EA4 /* BookmarkToWebViewDelegate.h */,
				3B0259E71A8EA2A3009C6EA4 /* Main.storyboard */,
				3B025A071A8EC2CE009C6EA4 /* BookmarkViewController.h */,
				3B025A081A8EC2CE009C6EA4 /* BookmarkViewController.m */,
				3B0259EA1A8EA2A3009C6EA4 /* Images.xcassets */,
				3B0259EC1A8EA2A3009C6EA4 /* LaunchScreen.xib */,
				3B0259DA1A8EA2A3009C6EA4 /* Supporting Files */,
			);
			path = SplitViewNews;
			sourceTree = "<group>";
		};
		3B0259DA1A8EA2A3009C6EA4 /* Supporting Files */ = {
			isa = PBXGroup;
			children = (
				3B0259DB1A8EA2A3009C6EA4 /* Info.plist */,
				3B0259DC1A8EA2A3009C6EA4 /* main.m */,
			);
			name = "Supporting Files";
			sourceTree = "<group>";
		};
		3B0259F61A8EA2A3009C6EA4 /* SplitViewNewsTests */ = {
			isa = PBXGroup;
			children = (
				3B0259F91A8EA2A3009C6EA4 /* SplitViewNewsTests.m */,
				3B0259F71A8EA2A3009C6EA4 /* Supporting Files */,
			);
			path = SplitViewNewsTests;
			sourceTree = "<group>";
		};
		3B0259F71A8EA2A3009C6EA4 /* Supporting Files */ = {
			isa = PBXGroup;
			children = (
				3B0259F81A8EA2A3009C6EA4 /* Info.plist */,
			);
			name = "Supporting Files";
			sourceTree = "<group>";
		};
/* End PBXGroup section */

/* Begin PBXNativeTarget section */
		3B0259D61A8EA2A3009C6EA4 /* SplitViewNews */ = {
			isa = PBXNativeTarget;
			buildConfigurationList = 3B0259FD1A8EA2A3009C6EA4 /* Build configuration list for PBXNativeTarget "SplitViewNews" */;
			buildPhases = (
				3B0259D31A8EA2A3009C6EA4 /* Sources */,
				3B0259D41A8EA2A3009C6EA4 /* Frameworks */,
				3B0259D51A8EA2A3009C6EA4 /* Resources */,
			);
			buildRules = (
			);
			dependencies = (
			);
			name = SplitViewNews;
			productName = SplitViewNews;
			productReference = 3B0259D71A8EA2A3009C6EA4 /* SplitViewNews.app */;
			productType = "com.apple.product-type.application";
		};
		3B0259F21A8EA2A3009C6EA4 /* SplitViewNewsTests */ = {
			isa = PBXNativeTarget;
			buildConfigurationList = 3B025A001A8EA2A3009C6EA4 /* Build configuration list for PBXNativeTarget "SplitViewNewsTests" */;
			buildPhases = (
				3B0259EF1A8EA2A3009C6EA4 /* Sources */,
				3B0259F01A8EA2A3009C6EA4 /* Frameworks */,
				3B0259F11A8EA2A3009C6EA4 /* Resources */,
			);
			buildRules = (
			);
			dependencies = (
				3B0259F51A8EA2A3009C6EA4 /* PBXTargetDependency */,
			);
			name = SplitViewNewsTests;
			productName = SplitViewNewsTests;
			productReference = 3B0259F31A8EA2A3009C6EA4 /* SplitViewNewsTests.xctest */;
			productType = "com.apple.product-type.bundle.unit-test";
		};
/* End PBXNativeTarget section */

/* Begin PBXProject section */
		3B0259CF1A8EA2A3009C6EA4 /* Project object */ = {
			isa = PBXProject;
			attributes = {
				LastUpgradeCheck = 0610;
				ORGANIZATIONNAME = "Helen Wang";
				TargetAttributes = {
					3B0259D61A8EA2A3009C6EA4 = {
						CreatedOnToolsVersion = 6.1.1;
					};
					3B0259F21A8EA2A3009C6EA4 = {
						CreatedOnToolsVersion = 6.1.1;
						TestTargetID = 3B0259D61A8EA2A3009C6EA4;
					};
				};
			};
			buildConfigurationList = 3B0259D21A8EA2A3009C6EA4 /* Build configuration list for PBXProject "SplitViewNews" */;
			compatibilityVersion = "Xcode 3.2";
			developmentRegion = English;
			hasScannedForEncodings = 0;
			knownRegions = (
				en,
				Base,
			);
			mainGroup = 3B0259CE1A8EA2A3009C6EA4;
			productRefGroup = 3B0259D81A8EA2A3009C6EA4 /* Products */;
			projectDirPath = "";
			projectRoot = "";
			targets = (
				3B0259D61A8EA2A3009C6EA4 /* SplitViewNews */,
				3B0259F21A8EA2A3009C6EA4 /* SplitViewNewsTests */,
			);
		};
/* End PBXProject section */

/* Begin PBXResourcesBuildPhase section */
		3B0259D51A8EA2A3009C6EA4 /* Resources */ = {
			isa = PBXResourcesBuildPhase;
			buildActionMask = 2147483647;
			files = (
				3B0259E91A8EA2A3009C6EA4 /* Main.storyboard in Resources */,
				3B0259EE1A8EA2A3009C6EA4 /* LaunchScreen.xib in Resources */,
				3B0259EB1A8EA2A3009C6EA4 /* Images.xcassets in Resources */,
			);
			runOnlyForDeploymentPostprocessing = 0;
		};
		3B0259F11A8EA2A3009C6EA4 /* Resources */ = {
			isa = PBXResourcesBuildPhase;
			buildActionMask = 2147483647;
			files = (
			);
			runOnlyForDeploymentPostprocessing = 0;
		};
/* End PBXResourcesBuildPhase section */

/* Begin PBXSourcesBuildPhase section */
		3B0259D31A8EA2A3009C6EA4 /* Sources */ = {
			isa = PBXSourcesBuildPhase;
			buildActionMask = 2147483647;
			files = (
				3B0259E01A8EA2A3009C6EA4 /* AppDelegate.m in Sources */,
				3B025A051A8EA574009C6EA4 /* NewsTableViewCell.m in Sources */,
				3B025A0C1A8EC6FA009C6EA4 /* SharedNetworking.m in Sources */,
				3B025A091A8EC2CE009C6EA4 /* BookmarkViewController.m in Sources */,
				3B0259E31A8EA2A3009C6EA4 /* MasterViewController.m in Sources */,
				3B0259DD1A8EA2A3009C6EA4 /* main.m in Sources */,
				3B0259E61A8EA2A3009C6EA4 /* DetailViewController.m in Sources */,
			);
			runOnlyForDeploymentPostprocessing = 0;
		};
		3B0259EF1A8EA2A3009C6EA4 /* Sources */ = {
			isa = PBXSourcesBuildPhase;
			buildActionMask = 2147483647;
			files = (
				3B0259FA1A8EA2A3009C6EA4 /* SplitViewNewsTests.m in Sources */,
			);
			runOnlyForDeploymentPostprocessing = 0;
		};
/* End PBXSourcesBuildPhase section */

/* Begin PBXTargetDependency section */
		3B0259F51A8EA2A3009C6EA4 /* PBXTargetDependency */ = {
			isa = PBXTargetDependency;
			target = 3B0259D61A8EA2A3009C6EA4 /* SplitViewNews */;
			targetProxy = 3B0259F41A8EA2A3009C6EA4 /* PBXContainerItemProxy */;
		};
/* End PBXTargetDependency section */

/* Begin PBXVariantGroup section */
		3B0259E71A8EA2A3009C6EA4 /* Main.storyboard */ = {
			isa = PBXVariantGroup;
			children = (
				3B0259E81A8EA2A3009C6EA4 /* Base */,
			);
			name = Main.storyboard;
			sourceTree = "<group>";
		};
		3B0259EC1A8EA2A3009C6EA4 /* LaunchScreen.xib */ = {
			isa = PBXVariantGroup;
			children = (
				3B0259ED1A8EA2A3009C6EA4 /* Base */,
			);
			name = LaunchScreen.xib;
			sourceTree = "<group>";
		};
/* End PBXVariantGroup section */

/* Begin XCBuildConfiguration section */
		3B0259FB1A8EA2A3009C6EA4 /* Debug */ = {
			isa = XCBuildConfiguration;
			buildSettings = {
				ALWAYS_SEARCH_USER_PATHS = NO;
				CLANG_CXX_LANGUAGE_STANDARD = "gnu++0x";
				CLANG_CXX_LIBRARY = "libc++";
				CLANG_ENABLE_MODULES = YES;
				CLANG_ENABLE_OBJC_ARC = YES;
				CLANG_WARN_BOOL_CONVERSION = YES;
				CLANG_WARN_CONSTANT_CONVERSION = YES;
				CLANG_WARN_DIRECT_OBJC_ISA_USAGE = YES_ERROR;
				CLANG_WARN_EMPTY_BODY = YES;
				CLANG_WARN_ENUM_CONVERSION = YES;
				CLANG_WARN_INT_CONVERSION = YES;
				CLANG_WARN_OBJC_ROOT_CLASS = YES_ERROR;
				CLANG_WARN_UNREACHABLE_CODE = YES;
				CLANG_WARN__DUPLICATE_METHOD_MATCH = YES;
				"CODE_SIGN_IDENTITY[sdk=iphoneos*]" = "iPhone Developer";
				COPY_PHASE_STRIP = NO;
				ENABLE_STRICT_OBJC_MSGSEND = YES;
				GCC_C_LANGUAGE_STANDARD = gnu99;
				GCC_DYNAMIC_NO_PIC = NO;
				GCC_OPTIMIZATION_LEVEL = 0;
				GCC_PREPROCESSOR_DEFINITIONS = (
					"DEBUG=1",
					"$(inherited)",
				);
				GCC_SYMBOLS_PRIVATE_EXTERN = NO;
				GCC_WARN_64_TO_32_BIT_CONVERSION = YES;
				GCC_WARN_ABOUT_RETURN_TYPE = YES_ERROR;
				GCC_WARN_UNDECLARED_SELECTOR = YES;
				GCC_WARN_UNINITIALIZED_AUTOS = YES_AGGRESSIVE;
				GCC_WARN_UNUSED_FUNCTION = YES;
				GCC_WARN_UNUSED_VARIABLE = YES;
				IPHONEOS_DEPLOYMENT_TARGET = 8.1;
				MTL_ENABLE_DEBUG_INFO = YES;
				ONLY_ACTIVE_ARCH = YES;
				SDKROOT = iphoneos;
				TARGETED_DEVICE_FAMILY = "1,2";
			};
			name = Debug;
		};
		3B0259FC1A8EA2A3009C6EA4 /* Release */ = {
			isa = XCBuildConfiguration;
			buildSettings = {
				ALWAYS_SEARCH_USER_PATHS = NO;
				CLANG_CXX_LANGUAGE_STANDARD = "gnu++0x";
				CLANG_CXX_LIBRARY = "libc++";
				CLANG_ENABLE_MODULES = YES;
				CLANG_ENABLE_OBJC_ARC = YES;
				CLANG_WARN_BOOL_CONVERSION = YES;
				CLANG_WARN_CONSTANT_CONVERSION = YES;
				CLANG_WARN_DIRECT_OBJC_ISA_USAGE = YES_ERROR;
				CLANG_WARN_EMPTY_BODY = YES;
				CLANG_WARN_ENUM_CONVERSION = YES;
				CLANG_WARN_INT_CONVERSION = YES;
				CLANG_WARN_OBJC_ROOT_CLASS = YES_ERROR;
				CLANG_WARN_UNREACHABLE_CODE = YES;
				CLANG_WARN__DUPLICATE_METHOD_MATCH = YES;
				"CODE_SIGN_IDENTITY[sdk=iphoneos*]" = "iPhone Developer";
				COPY_PHASE_STRIP = YES;
				ENABLE_NS_ASSERTIONS = NO;
				ENABLE_STRICT_OBJC_MSGSEND = YES;
				GCC_C_LANGUAGE_STANDARD = gnu99;
				GCC_WARN_64_TO_32_BIT_CONVERSION = YES;
				GCC_WARN_ABOUT_RETURN_TYPE = YES_ERROR;
				GCC_WARN_UNDECLARED_SELECTOR = YES;
				GCC_WARN_UNINITIALIZED_AUTOS = YES_AGGRESSIVE;
				GCC_WARN_UNUSED_FUNCTION = YES;
				GCC_WARN_UNUSED_VARIABLE = YES;
				IPHONEOS_DEPLOYMENT_TARGET = 8.1;
				MTL_ENABLE_DEBUG_INFO = NO;
				SDKROOT = iphoneos;
				TARGETED_DEVICE_FAMILY = "1,2";
				VALIDATE_PRODUCT = YES;
			};
			name = Release;
		};
		3B0259FE1A8EA2A3009C6EA4 /* Debug */ = {
			isa = XCBuildConfiguration;
			buildSettings = {
				ASSETCATALOG_COMPILER_APPICON_NAME = AppIcon;
				INFOPLIST_FILE = SplitViewNews/Info.plist;
				LD_RUNPATH_SEARCH_PATHS = "$(inherited) @executable_path/Frameworks";
				PRODUCT_NAME = "$(TARGET_NAME)";
				TARGETED_DEVICE_FAMILY = 2;
			};
			name = Debug;
		};
		3B0259FF1A8EA2A3009C6EA4 /* Release */ = {
			isa = XCBuildConfiguration;
			buildSettings = {
				ASSETCATALOG_COMPILER_APPICON_NAME = AppIcon;
				INFOPLIST_FILE = SplitViewNews/Info.plist;
				LD_RUNPATH_SEARCH_PATHS = "$(inherited) @executable_path/Frameworks";
				PRODUCT_NAME = "$(TARGET_NAME)";
				TARGETED_DEVICE_FAMILY = 2;
			};
			name = Release;
		};
		3B025A011A8EA2A3009C6EA4 /* Debug */ = {
			isa = XCBuildConfiguration;
			buildSettings = {
				BUNDLE_LOADER = "$(TEST_HOST)";
				FRAMEWORK_SEARCH_PATHS = (
					"$(SDKROOT)/Developer/Library/Frameworks",
					"$(inherited)",
				);
				GCC_PREPROCESSOR_DEFINITIONS = (
					"DEBUG=1",
					"$(inherited)",
				);
				INFOPLIST_FILE = SplitViewNewsTests/Info.plist;
				LD_RUNPATH_SEARCH_PATHS = "$(inherited) @executable_path/Frameworks @loader_path/Frameworks";
				PRODUCT_NAME = "$(TARGET_NAME)";
				TEST_HOST = "$(BUILT_PRODUCTS_DIR)/SplitViewNews.app/SplitViewNews";
			};
			name = Debug;
		};
		3B025A021A8EA2A3009C6EA4 /* Release */ = {
			isa = XCBuildConfiguration;
			buildSettings = {
				BUNDLE_LOADER = "$(TEST_HOST)";
				FRAMEWORK_SEARCH_PATHS = (
					"$(SDKROOT)/Developer/Library/Frameworks",
					"$(inherited)",
				);
				INFOPLIST_FILE = SplitViewNewsTests/Info.plist;
				LD_RUNPATH_SEARCH_PATHS = "$(inherited) @executable_path/Frameworks @loader_path/Frameworks";
				PRODUCT_NAME = "$(TARGET_NAME)";
				TEST_HOST = "$(BUILT_PRODUCTS_DIR)/SplitViewNews.app/SplitViewNews";
			};
			name = Release;
		};
/* End XCBuildConfiguration section */

/* Begin XCConfigurationList section */
		3B0259D21A8EA2A3009C6EA4 /* Build configuration list for PBXProject "SplitViewNews" */ = {
			isa = XCConfigurationList;
			buildConfigurations = (
				3B0259FB1A8EA2A3009C6EA4 /* Debug */,
				3B0259FC1A8EA2A3009C6EA4 /* Release */,
			);
			defaultConfigurationIsVisible = 0;
			defaultConfigurationName = Release;
		};
		3B0259FD1A8EA2A3009C6EA4 /* Build configuration list for PBXNativeTarget "SplitViewNews" */ = {
			isa = XCConfigurationList;
			buildConfigurations = (
				3B0259FE1A8EA2A3009C6EA4 /* Debug */,
				3B0259FF1A8EA2A3009C6EA4 /* Release */,
			);
			defaultConfigurationIsVisible = 0;
		};
		3B025A001A8EA2A3009C6EA4 /* Build configuration list for PBXNativeTarget "SplitViewNewsTests" */ = {
			isa = XCConfigurationList;
			buildConfigurations = (
				3B025A011A8EA2A3009C6EA4 /* Debug */,
				3B025A021A8EA2A3009C6EA4 /* Release */,
			);
			defaultConfigurationIsVisible = 0;
		};
/* End XCConfigurationList section */
	};
	rootObject = 3B0259CF1A8EA2A3009C6EA4 /* Project object */;
}
